
Microsoft Visual Studio Solution File, Format Version 10.00
# Visual Studio 2008
Project("{FAE04EC0-301F-11D3-BF4B-00C04F79EFBC}") = "fcml-flags-calc", "fcml-flags-calc.csproj", "{6C33EA69-CBBF-4256-A387-B02A0FAEBADC}"
EndProject
Global
	GlobalSection(SolutionConfigurationPlatforms) = preSolution
		Debug|Any CPU = Debug|Any CPU
		Release|Any CPU = Release|Any CPU
	EndGlobalSection
	GlobalSection(ProjectConfigurationPlatforms) = postSolution
		{6C33EA69-CBBF-4256-A387-B02A0FAEBADC}.Debug|Any CPU.ActiveCfg = Debug|Any CPU
		{6C33EA69-CBBF-4256-A387-B02A0FAEBADC}.Debug|Any CPU.Build.0 = Debug|Any CPU
		{6C33EA69-CBBF-4256-A387-B02A0FAEBADC}.Release|Any CPU.ActiveCfg = Release|Any CPU
		{6C33EA69-CBBF-4256-A387-B02A0FAEBADC}.Release|Any CPU.Build.0 = Release|Any CPU
	EndGlobalSection
	GlobalSection(SolutionProperties) = preSolution
		HideSolutionNode = FALSE
	EndGlobalSection
EndGlobal
